
Microsoft Visual Studio Solution File, Format Version 12.00
# Visual Studio 14
VisualStudioVersion = 14.0.25420.1
MinimumVisualStudioVersion = 10.0.40219.1
Project("{888888A0-9F3D-457C-B088-3A5042F75D52}") = "DinitzMaxFlow", "DinitzMaxFlow\DinitzMaxFlow.pyproj", "{9455D5B0-99A6-48F2-BC48-E30C6B3EBB07}"
EndProject
Global
	GlobalSection(SolutionConfigurationPlatforms) = preSolution
		Debug|Any CPU = Debug|Any CPU
		Release|Any CPU = Release|Any CPU
	EndGlobalSection
	GlobalSection(ProjectConfigurationPlatforms) = postSolution
		{9455D5B0-99A6-48F2-BC48-E30C6B3EBB07}.Debug|Any CPU.ActiveCfg = Debug|Any CPU
		{9455D5B0-99A6-48F2-BC48-E30C6B3EBB07}.Release|Any CPU.ActiveCfg = Release|Any CPU
	EndGlobalSection
	GlobalSection(SolutionProperties) = preSolution
		HideSolutionNode = FALSE
	EndGlobalSection
EndGlobal
